// !$*UTF8*$!
{
	archiveVersion = 1;
	classes = {
	};
	objectVersion = 77;
	objects = {

/* Begin PBXContainerItemProxy section */
		927F495F2D0F7BCC00BD2415 /* PBXContainerItemProxy */ = {
			isa = PBXContainerItemProxy;
			containerPortal = 927F49452D0F7BCA00BD2415 /* Project object */;
			proxyType = 1;
			remoteGlobalIDString = 927F494C2D0F7BCA00BD2415;
			remoteInfo = StudentsDB4X;
		};
		927F49692D0F7BCC00BD2415 /* PBXContainerItemProxy */ = {
			isa = PBXContainerItemProxy;
			containerPortal = 927F49452D0F7BCA00BD2415 /* Project object */;
			proxyType = 1;
			remoteGlobalIDString = 927F494C2D0F7BCA00BD2415;
			remoteInfo = StudentsDB4X;
		};
/* End PBXContainerItemProxy section */

/* Begin PBXFileReference section */
		927F494D2D0F7BCA00BD2415 /* StudentsDB4X.app */ = {isa = PBXFileReference; explicitFileType = wrapper.application; includeInIndex = 0; path = StudentsDB4X.app; sourceTree = BUILT_PRODUCTS_DIR; };
		927F495E2D0F7BCC00BD2415 /* StudentsDB4XTests.xctest */ = {isa = PBXFileReference; explicitFileType = wrapper.cfbundle; includeInIndex = 0; path = StudentsDB4XTests.xctest; sourceTree = BUILT_PRODUCTS_DIR; };
		927F49682D0F7BCC00BD2415 /* StudentsDB4XUITests.xctest */ = {isa = PBXFileReference; explicitFileType = wrapper.cfbundle; includeInIndex = 0; path = StudentsDB4XUITests.xctest; sourceTree = BUILT_PRODUCTS_DIR; };
/* End PBXFileReference section */

/* Begin PBXFileSystemSynchronizedRootGroup section */
		927F494F2D0F7BCA00BD2415 /* StudentsDB4X */ = {
			isa = PBXFileSystemSynchronizedRootGroup;
			path = StudentsDB4X;
			sourceTree = "<group>";
		};
		927F49612D0F7BCC00BD2415 /* StudentsDB4XTests */ = {
			isa = PBXFileSystemSynchronizedRootGroup;
			path = StudentsDB4XTests;
			sourceTree = "<group>";
		};
		927F496B2D0F7BCC00BD2415 /* StudentsDB4XUITests */ = {
			isa = PBXFileSystemSynchronizedRootGroup;
			path = StudentsDB4XUITests;
			sourceTree = "<group>";
		};
/* End PBXFileSystemSynchronizedRootGroup section */

/* Begin PBXFrameworksBuildPhase section */
		927F494A2D0F7BCA00BD2415 /* Frameworks */ = {
			isa = PBXFrameworksBuildPhase;
			buildActionMask = 2147483647;
			files = (
			);
			runOnlyForDeploymentPostprocessing = 0;
		};
		927F495B2D0F7BCC00BD2415 /* Frameworks */ = {
			isa = PBXFrameworksBuildPhase;
			buildActionMask = 2147483647;
			files = (
			);
			runOnlyForDeploymentPostprocessing = 0;
		};
		927F49652D0F7BCC00BD2415 /* Frameworks */ = {
			isa = PBXFrameworksBuildPhase;
			buildActionMask = 2147483647;
			files = (
			);
			runOnlyForDeploymentPostprocessing = 0;
		};
/* End PBXFrameworksBuildPhase section */

/* Begin PBXGroup section */
		927F49442D0F7BCA00BD2415 = {
			isa = PBXGroup;
			children = (
				927F494F2D0F7BCA00BD2415 /* StudentsDB4X */,
				927F49612D0F7BCC00BD2415 /* StudentsDB4XTests */,
				927F496B2D0F7BCC00BD2415 /* StudentsDB4XUITests */,
				927F494E2D0F7BCA00BD2415 /* Products */,
			);
			sourceTree = "<group>";
		};
		927F494E2D0F7BCA00BD2415 /* Products */ = {
			isa = PBXGroup;
			children = (
				927F494D2D0F7BCA00BD2415 /* StudentsDB4X.app */,
				927F495E2D0F7BCC00BD2415 /* StudentsDB4XTests.xctest */,
				927F49682D0F7BCC00BD2415 /* StudentsDB4XUITests.xctest */,
			);
			name = Products;
			sourceTree = "<group>";
		};
/* End PBXGroup section */

/* Begin PBXNativeTarget section */
		927F494C2D0F7BCA00BD2415 /* StudentsDB4X */ = {
			isa = PBXNativeTarget;
			buildConfigurationList = 927F49722D0F7BCC00BD2415 /* Build configuration list for PBXNativeTarget "StudentsDB4X" */;
			buildPhases = (
				927F49492D0F7BCA00BD2415 /* Sources */,
				927F494A2D0F7BCA00BD2415 /* Frameworks */,
				927F494B2D0F7BCA00BD2415 /* Resources */,
			);
			buildRules = (
			);
			dependencies = (
			);
			fileSystemSynchronizedGroups = (
				927F494F2D0F7BCA00BD2415 /* StudentsDB4X */,
			);
			name = StudentsDB4X;
			packageProductDependencies = (
			);
			productName = StudentsDB4X;
			productReference = 927F494D2D0F7BCA00BD2415 /* StudentsDB4X.app */;
			productType = "com.apple.product-type.application";
		};
		927F495D2D0F7BCC00BD2415 /* StudentsDB4XTests */ = {
			isa = PBXNativeTarget;
			buildConfigurationList = 927F49752D0F7BCC00BD2415 /* Build configuration list for PBXNativeTarget "StudentsDB4XTests" */;
			buildPhases = (
				927F495A2D0F7BCC00BD2415 /* Sources */,
				927F495B2D0F7BCC00BD2415 /* Frameworks */,
				927F495C2D0F7BCC00BD2415 /* Resources */,
			);
			buildRules = (
			);
			dependencies = (
				927F49602D0F7BCC00BD2415 /* PBXTargetDependency */,
			);
			fileSystemSynchronizedGroups = (
				927F49612D0F7BCC00BD2415 /* StudentsDB4XTests */,
			);
			name = StudentsDB4XTests;
			packageProductDependencies = (
			);
			productName = StudentsDB4XTests;
			productReference = 927F495E2D0F7BCC00BD2415 /* StudentsDB4XTests.xctest */;
			productType = "com.apple.product-type.bundle.unit-test";
		};
		927F49672D0F7BCC00BD2415 /* StudentsDB4XUITests */ = {
			isa = PBXNativeTarget;
			buildConfigurationList = 927F49782D0F7BCC00BD2415 /* Build configuration list for PBXNativeTarget "StudentsDB4XUITests" */;
			buildPhases = (
				927F49642D0F7BCC00BD2415 /* Sources */,
				927F49652D0F7BCC00BD2415 /* Frameworks */,
				927F49662D0F7BCC00BD2415 /* Resources */,
			);
			buildRules = (
			);
			dependencies = (
				927F496A2D0F7BCC00BD2415 /* PBXTargetDependency */,
			);
			fileSystemSynchronizedGroups = (
				927F496B2D0F7BCC00BD2415 /* StudentsDB4XUITests */,
			);
			name = StudentsDB4XUITests;
			packageProductDependencies = (
			);
			productName = StudentsDB4XUITests;
			productReference = 927F49682D0F7BCC00BD2415 /* StudentsDB4XUITests.xctest */;
			productType = "com.apple.product-type.bundle.ui-testing";
		};
/* End PBXNativeTarget section */

/* Begin PBXProject section */
		927F49452D0F7BCA00BD2415 /* Project object */ = {
			isa = PBXProject;
			attributes = {
				BuildIndependentTargetsInParallel = 1;
				LastSwiftUpdateCheck = 1620;
				LastUpgradeCheck = 1620;
				TargetAttributes = {
					927F494C2D0F7BCA00BD2415 = {
						CreatedOnToolsVersion = 16.2;
					};
					927F495D2D0F7BCC00BD2415 = {
						CreatedOnToolsVersion = 16.2;
						TestTargetID = 927F494C2D0F7BCA00BD2415;
					};
					927F49672D0F7BCC00BD2415 = {
						CreatedOnToolsVersion = 16.2;
						TestTargetID = 927F494C2D0F7BCA00BD2415;
					};
				};
			};
			buildConfigurationList = 927F49482D0F7BCA00BD2415 /* Build configuration list for PBXProject "StudentsDB4X" */;
			developmentRegion = en;
			hasScannedForEncodings = 0;
			knownRegions = (
				en,
				Base,
			);
			mainGroup = 927F49442D0F7BCA00BD2415;
			minimizedProjectReferenceProxies = 1;
			preferredProjectObjectVersion = 77;
			productRefGroup = 927F494E2D0F7BCA00BD2415 /* Products */;
			projectDirPath = "";
			projectRoot = "";
			targets = (
				927F494C2D0F7BCA00BD2415 /* StudentsDB4X */,
				927F495D2D0F7BCC00BD2415 /* StudentsDB4XTests */,
				927F49672D0F7BCC00BD2415 /* StudentsDB4XUITests */,
			);
		};
/* End PBXProject section */

/* Begin PBXResourcesBuildPhase section */
		927F494B2D0F7BCA00BD2415 /* Resources */ = {
			isa = PBXResourcesBuildPhase;
			buildActionMask = 2147483647;
			files = (
			);
			runOnlyForDeploymentPostprocessing = 0;
		};
		927F495C2D0F7BCC00BD2415 /* Resources */ = {
			isa = PBXResourcesBuildPhase;
			buildActionMask = 2147483647;
			files = (
			);
			runOnlyForDeploymentPostprocessing = 0;
		};
		927F49662D0F7BCC00BD2415 /* Resources */ = {
			isa = PBXResourcesBuildPhase;
			buildActionMask = 2147483647;
			files = (
			);
			runOnlyForDeploymentPostprocessing = 0;
		};
/* End PBXResourcesBuildPhase section */

/* Begin PBXSourcesBuildPhase section */
		927F49492D0F7BCA00BD2415 /* Sources */ = {
			isa = PBXSourcesBuildPhase;
			buildActionMask = 2147483647;
			files = (
			);
			runOnlyForDeploymentPostprocessing = 0;
		};
		927F495A2D0F7BCC00BD2415 /* Sources */ = {
			isa = PBXSourcesBuildPhase;
			buildActionMask = 2147483647;
			files = (
			);
			runOnlyForDeploymentPostprocessing = 0;
		};
		927F49642D0F7BCC00BD2415 /* Sources */ = {
			isa = PBXSourcesBuildPhase;
			buildActionMask = 2147483647;
			files = (
			);
			runOnlyForDeploymentPostprocessing = 0;
		};
/* End PBXSourcesBuildPhase section */

/* Begin PBXTargetDependency section */
		927F49602D0F7BCC00BD2415 /* PBXTargetDependency */ = {
			isa = PBXTargetDependency;
			target = 927F494C2D0F7BCA00BD2415 /* StudentsDB4X */;
			targetProxy = 927F495F2D0F7BCC00BD2415 /* PBXContainerItemProxy */;
		};
		927F496A2D0F7BCC00BD2415 /* PBXTargetDependency */ = {
			isa = PBXTargetDependency;
			target = 927F494C2D0F7BCA00BD2415 /* StudentsDB4X */;
			targetProxy = 927F49692D0F7BCC00BD2415 /* PBXContainerItemProxy */;
		};
/* End PBXTargetDependency section */

/* Begin XCBuildConfiguration section */
		927F49702D0F7BCC00BD2415 /* Debug */ = {
			isa = XCBuildConfiguration;
			buildSettings = {
				ALWAYS_SEARCH_USER_PATHS = NO;
				ASSETCATALOG_COMPILER_GENERATE_SWIFT_ASSET_SYMBOL_EXTENSIONS = YES;
				CLANG_ANALYZER_NONNULL = YES;
				CLANG_ANALYZER_NUMBER_OBJECT_CONVERSION = YES_AGGRESSIVE;
				CLANG_CXX_LANGUAGE_STANDARD = "gnu++20";
				CLANG_ENABLE_MODULES = YES;
				CLANG_ENABLE_OBJC_ARC = YES;
				CLANG_ENABLE_OBJC_WEAK = YES;
				CLANG_WARN_BLOCK_CAPTURE_AUTORELEASING = YES;
				CLANG_WARN_BOOL_CONVERSION = YES;
				CLANG_WARN_COMMA = YES;
				CLANG_WARN_CONSTANT_CONVERSION = YES;
				CLANG_WARN_DEPRECATED_OBJC_IMPLEMENTATIONS = YES;
				CLANG_WARN_DIRECT_OBJC_ISA_USAGE = YES_ERROR;
				CLANG_WARN_DOCUMENTATION_COMMENTS = YES;
				CLANG_WARN_EMPTY_BODY = YES;
				CLANG_WARN_ENUM_CONVERSION = YES;
				CLANG_WARN_INFINITE_RECURSION = YES;
				CLANG_WARN_INT_CONVERSION = YES;
				CLANG_WARN_NON_LITERAL_NULL_CONVERSION = YES;
				CLANG_WARN_OBJC_IMPLICIT_RETAIN_SELF = YES;
				CLANG_WARN_OBJC_LITERAL_CONVERSION = YES;
				CLANG_WARN_OBJC_ROOT_CLASS = YES_ERROR;
				CLANG_WARN_QUOTED_INCLUDE_IN_FRAMEWORK_HEADER = YES;
				CLANG_WARN_RANGE_LOOP_ANALYSIS = YES;
				CLANG_WARN_STRICT_PROTOTYPES = YES;
				CLANG_WARN_SUSPICIOUS_MOVE = YES;
				CLANG_WARN_UNGUARDED_AVAILABILITY = YES_AGGRESSIVE;
				CLANG_WARN_UNREACHABLE_CODE = YES;
				CLANG_WARN__DUPLICATE_METHOD_MATCH = YES;
				COPY_PHASE_STRIP = NO;
				DEBUG_INFORMATION_FORMAT = dwarf;
				ENABLE_STRICT_OBJC_MSGSEND = YES;
				ENABLE_TESTABILITY = YES;
				ENABLE_USER_SCRIPT_SANDBOXING = YES;
				GCC_C_LANGUAGE_STANDARD = gnu17;
				GCC_DYNAMIC_NO_PIC = NO;
				GCC_NO_COMMON_BLOCKS = YES;
				GCC_OPTIMIZATION_LEVEL = 0;
				GCC_PREPROCESSOR_DEFINITIONS = (
					"DEBUG=1",
					"$(inherited)",
				);
				GCC_WARN_64_TO_32_BIT_CONVERSION = YES;
				GCC_WARN_ABOUT_RETURN_TYPE = YES_ERROR;
				GCC_WARN_UNDECLARED_SELECTOR = YES;
				GCC_WARN_UNINITIALIZED_AUTOS = YES_AGGRESSIVE;
				GCC_WARN_UNUSED_FUNCTION = YES;
				GCC_WARN_UNUSED_VARIABLE = YES;
				LOCALIZATION_PREFERS_STRING_CATALOGS = YES;
				MACOSX_DEPLOYMENT_TARGET = 15.1;
				MTL_ENABLE_DEBUG_INFO = INCLUDE_SOURCE;
				MTL_FAST_MATH = YES;
				ONLY_ACTIVE_ARCH = YES;
				SDKROOT = macosx;
				SWIFT_ACTIVE_COMPILATION_CONDITIONS = "DEBUG $(inherited)";
				SWIFT_OPTIMIZATION_LEVEL = "-Onone";
			};
			name = Debug;
		};
		927F49712D0F7BCC00BD2415 /* Release */ = {
			isa = XCBuildConfiguration;
			buildSettings = {
				ALWAYS_SEARCH_USER_PATHS = NO;
				ASSETCATALOG_COMPILER_GENERATE_SWIFT_ASSET_SYMBOL_EXTENSIONS = YES;
				CLANG_ANALYZER_NONNULL = YES;
				CLANG_ANALYZER_NUMBER_OBJECT_CONVERSION = YES_AGGRESSIVE;
				CLANG_CXX_LANGUAGE_STANDARD = "gnu++20";
				CLANG_ENABLE_MODULES = YES;
				CLANG_ENABLE_OBJC_ARC = YES;
				CLANG_ENABLE_OBJC_WEAK = YES;
				CLANG_WARN_BLOCK_CAPTURE_AUTORELEASING = YES;
				CLANG_WARN_BOOL_CONVERSION = YES;
				CLANG_WARN_COMMA = YES;
				CLANG_WARN_CONSTANT_CONVERSION = YES;
				CLANG_WARN_DEPRECATED_OBJC_IMPLEMENTATIONS = YES;
				CLANG_WARN_DIRECT_OBJC_ISA_USAGE = YES_ERROR;
				CLANG_WARN_DOCUMENTATION_COMMENTS = YES;
				CLANG_WARN_EMPTY_BODY = YES;
				CLANG_WARN_ENUM_CONVERSION = YES;
				CLANG_WARN_INFINITE_RECURSION = YES;
				CLANG_WARN_INT_CONVERSION = YES;
				CLANG_WARN_NON_LITERAL_NULL_CONVERSION = YES;
				CLANG_WARN_OBJC_IMPLICIT_RETAIN_SELF = YES;
				CLANG_WARN_OBJC_LITERAL_CONVERSION = YES;
				CLANG_WARN_OBJC_ROOT_CLASS = YES_ERROR;
				CLANG_WARN_QUOTED_INCLUDE_IN_FRAMEWORK_HEADER = YES;
				CLANG_WARN_RANGE_LOOP_ANALYSIS = YES;
				CLANG_WARN_STRICT_PROTOTYPES = YES;
				CLANG_WARN_SUSPICIOUS_MOVE = YES;
				CLANG_WARN_UNGUARDED_AVAILABILITY = YES_AGGRESSIVE;
				CLANG_WARN_UNREACHABLE_CODE = YES;
				CLANG_WARN__DUPLICATE_METHOD_MATCH = YES;
				COPY_PHASE_STRIP = NO;
				DEBUG_INFORMATION_FORMAT = "dwarf-with-dsym";
				ENABLE_NS_ASSERTIONS = NO;
				ENABLE_STRICT_OBJC_MSGSEND = YES;
				ENABLE_USER_SCRIPT_SANDBOXING = YES;
				GCC_C_LANGUAGE_STANDARD = gnu17;
				GCC_NO_COMMON_BLOCKS = YES;
				GCC_WARN_64_TO_32_BIT_CONVERSION = YES;
				GCC_WARN_ABOUT_RETURN_TYPE = YES_ERROR;
				GCC_WARN_UNDECLARED_SELECTOR = YES;
				GCC_WARN_UNINITIALIZED_AUTOS = YES_AGGRESSIVE;
				GCC_WARN_UNUSED_FUNCTION = YES;
				GCC_WARN_UNUSED_VARIABLE = YES;
				LOCALIZATION_PREFERS_STRING_CATALOGS = YES;
				MACOSX_DEPLOYMENT_TARGET = 15.1;
				MTL_ENABLE_DEBUG_INFO = NO;
				MTL_FAST_MATH = YES;
				SDKROOT = macosx;
				SWIFT_COMPILATION_MODE = wholemodule;
			};
			name = Release;
		};
		927F49732D0F7BCC00BD2415 /* Debug */ = {
			isa = XCBuildConfiguration;
			buildSettings = {
				ASSETCATALOG_COMPILER_APPICON_NAME = AppIcon;
				ASSETCATALOG_COMPILER_GLOBAL_ACCENT_COLOR_NAME = AccentColor;
				CODE_SIGN_ENTITLEMENTS = StudentsDB4X/StudentsDB4X.entitlements;
				CODE_SIGN_STYLE = Automatic;
				COMBINE_HIDPI_IMAGES = YES;
				CURRENT_PROJECT_VERSION = 1;
				DEVELOPMENT_ASSET_PATHS = "\"StudentsDB4X/Preview Content\"";
				DEVELOPMENT_TEAM = VA5H4K5VZQ;
				ENABLE_HARDENED_RUNTIME = YES;
				ENABLE_PREVIEWS = YES;
				GENERATE_INFOPLIST_FILE = YES;
				INFOPLIST_KEY_NSHumanReadableCopyright = "";
				LD_RUNPATH_SEARCH_PATHS = (
					"$(inherited)",
					"@executable_path/../Frameworks",
				);
				MARKETING_VERSION = 1.0;
				PRODUCT_BUNDLE_IDENTIFIER = cz.ivondrak.StudentsDB4X;
				PRODUCT_NAME = "$(TARGET_NAME)";
				SWIFT_EMIT_LOC_STRINGS = YES;
				SWIFT_VERSION = 6.0;
			};
			name = Debug;
		};
		927F49742D0F7BCC00BD2415 /* Release */ = {
			isa = XCBuildConfiguration;
			buildSettings = {
				ASSETCATALOG_COMPILER_APPICON_NAME = AppIcon;
				ASSETCATALOG_COMPILER_GLOBAL_ACCENT_COLOR_NAME = AccentColor;
				CODE_SIGN_ENTITLEMENTS = StudentsDB4X/StudentsDB4X.entitlements;
				CODE_SIGN_STYLE = Automatic;
				COMBINE_HIDPI_IMAGES = YES;
				CURRENT_PROJECT_VERSION = 1;
				DEVELOPMENT_ASSET_PATHS = "\"StudentsDB4X/Preview Content\"";
				DEVELOPMENT_TEAM = VA5H4K5VZQ;
				ENABLE_HARDENED_RUNTIME = YES;
				ENABLE_PREVIEWS = YES;
				GENERATE_INFOPLIST_FILE = YES;
				INFOPLIST_KEY_NSHumanReadableCopyright = "";
				LD_RUNPATH_SEARCH_PATHS = (
					"$(inherited)",
					"@executable_path/../Frameworks",
				);
				MARKETING_VERSION = 1.0;
				PRODUCT_BUNDLE_IDENTIFIER = cz.ivondrak.StudentsDB4X;
				PRODUCT_NAME = "$(TARGET_NAME)";
				SWIFT_EMIT_LOC_STRINGS = YES;
				SWIFT_VERSION = 6.0;
			};
			name = Release;
		};
		927F49762D0F7BCC00BD2415 /* Debug */ = {
			isa = XCBuildConfiguration;
			buildSettings = {
				BUNDLE_LOADER = "$(TEST_HOST)";
				CODE_SIGN_STYLE = Automatic;
				CURRENT_PROJECT_VERSION = 1;
				DEVELOPMENT_TEAM = VA5H4K5VZQ;
				GENERATE_INFOPLIST_FILE = YES;
				MACOSX_DEPLOYMENT_TARGET = 15.1;
				MARKETING_VERSION = 1.0;
				PRODUCT_BUNDLE_IDENTIFIER = cz.ivondrak.StudentsDB4XTests;
				PRODUCT_NAME = "$(TARGET_NAME)";
				SWIFT_EMIT_LOC_STRINGS = NO;
				SWIFT_VERSION = 5.0;
				TEST_HOST = "$(BUILT_PRODUCTS_DIR)/StudentsDB4X.app/$(BUNDLE_EXECUTABLE_FOLDER_PATH)/StudentsDB4X";
			};
			name = Debug;
		};
		927F49772D0F7BCC00BD2415 /* Release */ = {
			isa = XCBuildConfiguration;
			buildSettings = {
				BUNDLE_LOADER = "$(TEST_HOST)";
				CODE_SIGN_STYLE = Automatic;
				CURRENT_PROJECT_VERSION = 1;
				DEVELOPMENT_TEAM = VA5H4K5VZQ;
				GENERATE_INFOPLIST_FILE = YES;
				MACOSX_DEPLOYMENT_TARGET = 15.1;
				MARKETING_VERSION = 1.0;
				PRODUCT_BUNDLE_IDENTIFIER = cz.ivondrak.StudentsDB4XTests;
				PRODUCT_NAME = "$(TARGET_NAME)";
				SWIFT_EMIT_LOC_STRINGS = NO;
				SWIFT_VERSION = 5.0;
				TEST_HOST = "$(BUILT_PRODUCTS_DIR)/StudentsDB4X.app/$(BUNDLE_EXECUTABLE_FOLDER_PATH)/StudentsDB4X";
			};
			name = Release;
		};
		927F49792D0F7BCC00BD2415 /* Debug */ = {
			isa = XCBuildConfiguration;
			buildSettings = {
				CODE_SIGN_STYLE = Automatic;
				CURRENT_PROJECT_VERSION = 1;
				DEVELOPMENT_TEAM = VA5H4K5VZQ;
				GENERATE_INFOPLIST_FILE = YES;
				MARKETING_VERSION = 1.0;
				PRODUCT_BUNDLE_IDENTIFIER = cz.ivondrak.StudentsDB4XUITests;
				PRODUCT_NAME = "$(TARGET_NAME)";
				SWIFT_EMIT_LOC_STRINGS = NO;
				SWIFT_VERSION = 5.0;
				TEST_TARGET_NAME = StudentsDB4X;
			};
			name = Debug;
		};
		927F497A2D0F7BCC00BD2415 /* Release */ = {
			isa = XCBuildConfiguration;
			buildSettings = {
				CODE_SIGN_STYLE = Automatic;
				CURRENT_PROJECT_VERSION = 1;
				DEVELOPMENT_TEAM = VA5H4K5VZQ;
				GENERATE_INFOPLIST_FILE = YES;
				MARKETING_VERSION = 1.0;
				PRODUCT_BUNDLE_IDENTIFIER = cz.ivondrak.StudentsDB4XUITests;
				PRODUCT_NAME = "$(TARGET_NAME)";
				SWIFT_EMIT_LOC_STRINGS = NO;
				SWIFT_VERSION = 5.0;
				TEST_TARGET_NAME = StudentsDB4X;
			};
			name = Release;
		};
/* End XCBuildConfiguration section */

/* Begin XCConfigurationList section */
		927F49482D0F7BCA00BD2415 /* Build configuration list for PBXProject "StudentsDB4X" */ = {
			isa = XCConfigurationList;
			buildConfigurations = (
				927F49702D0F7BCC00BD2415 /* Debug */,
				927F49712D0F7BCC00BD2415 /* Release */,
			);
			defaultConfigurationIsVisible = 0;
			defaultConfigurationName = Release;
		};
		927F49722D0F7BCC00BD2415 /* Build configuration list for PBXNativeTarget "StudentsDB4X" */ = {
			isa = XCConfigurationList;
			buildConfigurations = (
				927F49732D0F7BCC00BD2415 /* Debug */,
				927F49742D0F7BCC00BD2415 /* Release */,
			);
			defaultConfigurationIsVisible = 0;
			defaultConfigurationName = Release;
		};
		927F49752D0F7BCC00BD2415 /* Build configuration list for PBXNativeTarget "StudentsDB4XTests" */ = {
			isa = XCConfigurationList;
			buildConfigurations = (
				927F49762D0F7BCC00BD2415 /* Debug */,
				927F49772D0F7BCC00BD2415 /* Release */,
			);
			defaultConfigurationIsVisible = 0;
			defaultConfigurationName = Release;
		};
		927F49782D0F7BCC00BD2415 /* Build configuration list for PBXNativeTarget "StudentsDB4XUITests" */ = {
			isa = XCConfigurationList;
			buildConfigurations = (
				927F49792D0F7BCC00BD2415 /* Debug */,
				927F497A2D0F7BCC00BD2415 /* Release */,
			);
			defaultConfigurationIsVisible = 0;
			defaultConfigurationName = Release;
		};
/* End XCConfigurationList section */
	};
	rootObject = 927F49452D0F7BCA00BD2415 /* Project object */;
}
